
Microsoft Visual Studio Solution File, Format Version 12.00
# Visual Studio Version 17
VisualStudioVersion = 17.9.34622.214
MinimumVisualStudioVersion = 10.0.40219.1
Project("{9A19103F-16F7-4668-BE54-9A1E7A4F7556}") = "Hola Triangulo OpenTK", "Hola Triangulo OpenTK.csproj", "{81C4EB4A-F8F5-4AF8-B834-00C8E7EDBE44}"
EndProject
Global
	GlobalSection(SolutionConfigurationPlatforms) = preSolution
		Debug|Any CPU = Debug|Any CPU
		Release|Any CPU = Release|Any CPU
	EndGlobalSection
	GlobalSection(ProjectConfigurationPlatforms) = postSolution
		{81C4EB4A-F8F5-4AF8-B834-00C8E7EDBE44}.Debug|Any CPU.ActiveCfg = Debug|Any CPU
		{81C4EB4A-F8F5-4AF8-B834-00C8E7EDBE44}.Debug|Any CPU.Build.0 = Debug|Any CPU
		{81C4EB4A-F8F5-4AF8-B834-00C8E7EDBE44}.Release|Any CPU.ActiveCfg = Release|Any CPU
		{81C4EB4A-F8F5-4AF8-B834-00C8E7EDBE44}.Release|Any CPU.Build.0 = Release|Any CPU
	EndGlobalSection
	GlobalSection(SolutionProperties) = preSolution
		HideSolutionNode = FALSE
	EndGlobalSection
	GlobalSection(ExtensibilityGlobals) = postSolution
		SolutionGuid = {C7BFB663-F0D8-4A93-A497-4E3FC65270D5}
	EndGlobalSection
EndGlobal
